
Microsoft Visual Studio Solution File, Format Version 12.00
# Visual Studio Version 17
VisualStudioVersion = 17.1.32421.90
MinimumVisualStudioVersion = 10.0.40219.1
Project("{FAE04EC0-301F-11D3-BF4B-00C04F79EFBC}") = "VccMgntSys", "VccMgntSys\VccMgntSys.csproj", "{954B3C2E-9DF6-4E47-A377-474C0154A12B}"
EndProject
Global
	GlobalSection(SolutionConfigurationPlatforms) = preSolution
		Debug|Any CPU = Debug|Any CPU
		Release|Any CPU = Release|Any CPU
	EndGlobalSection
	GlobalSection(ProjectConfigurationPlatforms) = postSolution
		{954B3C2E-9DF6-4E47-A377-474C0154A12B}.Debug|Any CPU.ActiveCfg = Debug|Any CPU
		{954B3C2E-9DF6-4E47-A377-474C0154A12B}.Debug|Any CPU.Build.0 = Debug|Any CPU
		{954B3C2E-9DF6-4E47-A377-474C0154A12B}.Release|Any CPU.ActiveCfg = Release|Any CPU
		{954B3C2E-9DF6-4E47-A377-474C0154A12B}.Release|Any CPU.Build.0 = Release|Any CPU
	EndGlobalSection
	GlobalSection(SolutionProperties) = preSolution
		HideSolutionNode = FALSE
	EndGlobalSection
	GlobalSection(ExtensibilityGlobals) = postSolution
		SolutionGuid = {666D8954-E695-4939-9223-EF2F09307726}
	EndGlobalSection
EndGlobal
